
Microsoft Visual Studio Solution File, Format Version 12.00
Project("{2150E333-8FDC-42A3-9474-1A3956D46DE8}") = "src", "src", "{62CF602F-F3A5-4543-8692-1A700894267B}"
EndProject
Project("{2150E333-8FDC-42A3-9474-1A3956D46DE8}") = "tests", "tests", "{529B0EDE-3E58-4BD9-9F62-DA0AE923512D}"
EndProject
Project("{FAE04EC0-301F-11D3-BF4B-00C04F79EFBC}") = "SolidAndDesignPatterns.Test", "SolidAndDesignPatterns.Test\SolidAndDesignPatterns.Test.csproj", "{011C8B01-2672-4B8C-BB2E-E0CBB0548DBF}"
EndProject
Project("{FAE04EC0-301F-11D3-BF4B-00C04F79EFBC}") = "Domain", "Domain\Domain.csproj", "{73885A42-2357-48BF-9E82-CB2FD438F6D3}"
EndProject
Project("{FAE04EC0-301F-11D3-BF4B-00C04F79EFBC}") = "Application", "Application\Application.csproj", "{D5F2165D-E564-4E56-B27C-05F87DCF17F0}"
EndProject
Project("{FAE04EC0-301F-11D3-BF4B-00C04F79EFBC}") = "Infra.Data", "Infra.Data\Infra.Data.csproj", "{A2ABB728-7C0D-4896-BC44-D4B56CE6D362}"
EndProject
Project("{FAE04EC0-301F-11D3-BF4B-00C04F79EFBC}") = "Api", "Api\Api.csproj", "{ABE7B7B9-3072-43D5-A71E-988F28D86B19}"
EndProject
Global
	GlobalSection(SolutionConfigurationPlatforms) = preSolution
		Debug|Any CPU = Debug|Any CPU
		Release|Any CPU = Release|Any CPU
	EndGlobalSection
	GlobalSection(NestedProjects) = preSolution
		{011C8B01-2672-4B8C-BB2E-E0CBB0548DBF} = {529B0EDE-3E58-4BD9-9F62-DA0AE923512D}
		{73885A42-2357-48BF-9E82-CB2FD438F6D3} = {62CF602F-F3A5-4543-8692-1A700894267B}
		{D5F2165D-E564-4E56-B27C-05F87DCF17F0} = {62CF602F-F3A5-4543-8692-1A700894267B}
		{A2ABB728-7C0D-4896-BC44-D4B56CE6D362} = {62CF602F-F3A5-4543-8692-1A700894267B}
		{ABE7B7B9-3072-43D5-A71E-988F28D86B19} = {62CF602F-F3A5-4543-8692-1A700894267B}
	EndGlobalSection
	GlobalSection(ProjectConfigurationPlatforms) = postSolution
		{011C8B01-2672-4B8C-BB2E-E0CBB0548DBF}.Debug|Any CPU.ActiveCfg = Debug|Any CPU
		{011C8B01-2672-4B8C-BB2E-E0CBB0548DBF}.Debug|Any CPU.Build.0 = Debug|Any CPU
		{011C8B01-2672-4B8C-BB2E-E0CBB0548DBF}.Release|Any CPU.ActiveCfg = Release|Any CPU
		{011C8B01-2672-4B8C-BB2E-E0CBB0548DBF}.Release|Any CPU.Build.0 = Release|Any CPU
		{73885A42-2357-48BF-9E82-CB2FD438F6D3}.Debug|Any CPU.ActiveCfg = Debug|Any CPU
		{73885A42-2357-48BF-9E82-CB2FD438F6D3}.Debug|Any CPU.Build.0 = Debug|Any CPU
		{73885A42-2357-48BF-9E82-CB2FD438F6D3}.Release|Any CPU.ActiveCfg = Release|Any CPU
		{73885A42-2357-48BF-9E82-CB2FD438F6D3}.Release|Any CPU.Build.0 = Release|Any CPU
		{D5F2165D-E564-4E56-B27C-05F87DCF17F0}.Debug|Any CPU.ActiveCfg = Debug|Any CPU
		{D5F2165D-E564-4E56-B27C-05F87DCF17F0}.Debug|Any CPU.Build.0 = Debug|Any CPU
		{D5F2165D-E564-4E56-B27C-05F87DCF17F0}.Release|Any CPU.ActiveCfg = Release|Any CPU
		{D5F2165D-E564-4E56-B27C-05F87DCF17F0}.Release|Any CPU.Build.0 = Release|Any CPU
		{A2ABB728-7C0D-4896-BC44-D4B56CE6D362}.Debug|Any CPU.ActiveCfg = Debug|Any CPU
		{A2ABB728-7C0D-4896-BC44-D4B56CE6D362}.Debug|Any CPU.Build.0 = Debug|Any CPU
		{A2ABB728-7C0D-4896-BC44-D4B56CE6D362}.Release|Any CPU.ActiveCfg = Release|Any CPU
		{A2ABB728-7C0D-4896-BC44-D4B56CE6D362}.Release|Any CPU.Build.0 = Release|Any CPU
		{ABE7B7B9-3072-43D5-A71E-988F28D86B19}.Debug|Any CPU.ActiveCfg = Debug|Any CPU
		{ABE7B7B9-3072-43D5-A71E-988F28D86B19}.Debug|Any CPU.Build.0 = Debug|Any CPU
		{ABE7B7B9-3072-43D5-A71E-988F28D86B19}.Release|Any CPU.ActiveCfg = Release|Any CPU
		{ABE7B7B9-3072-43D5-A71E-988F28D86B19}.Release|Any CPU.Build.0 = Release|Any CPU
	EndGlobalSection
EndGlobal
